
Microsoft Visual Studio Solution File, Format Version 12.00
# Visual Studio Version 16
VisualStudioVersion = 16.0.29123.89
MinimumVisualStudioVersion = 10.0.40219.1
Project("{9A19103F-16F7-4668-BE54-9A1E7A4F7556}") = "BlankProject", "BlankProject\BlankProject.csproj", "{3EB1182D-506D-4988-A217-A336594E7B00}"
EndProject
Project("{9A19103F-16F7-4668-BE54-9A1E7A4F7556}") = "CoreProject", "CoreProject\CoreProject.csproj", "{58A5588C-6D96-40A0-840A-91689C1EE9BA}"
EndProject
Global
	GlobalSection(SolutionConfigurationPlatforms) = preSolution
		Debug|Any CPU = Debug|Any CPU
		Release|Any CPU = Release|Any CPU
	EndGlobalSection
	GlobalSection(ProjectConfigurationPlatforms) = postSolution
		{3EB1182D-506D-4988-A217-A336594E7B00}.Debug|Any CPU.ActiveCfg = Debug|Any CPU
		{3EB1182D-506D-4988-A217-A336594E7B00}.Debug|Any CPU.Build.0 = Debug|Any CPU
		{3EB1182D-506D-4988-A217-A336594E7B00}.Release|Any CPU.ActiveCfg = Release|Any CPU
		{3EB1182D-506D-4988-A217-A336594E7B00}.Release|Any CPU.Build.0 = Release|Any CPU
		{58A5588C-6D96-40A0-840A-91689C1EE9BA}.Debug|Any CPU.ActiveCfg = Debug|Any CPU
		{58A5588C-6D96-40A0-840A-91689C1EE9BA}.Debug|Any CPU.Build.0 = Debug|Any CPU
		{58A5588C-6D96-40A0-840A-91689C1EE9BA}.Release|Any CPU.ActiveCfg = Release|Any CPU
		{58A5588C-6D96-40A0-840A-91689C1EE9BA}.Release|Any CPU.Build.0 = Release|Any CPU
	EndGlobalSection
	GlobalSection(SolutionProperties) = preSolution
		HideSolutionNode = FALSE
	EndGlobalSection
	GlobalSection(ExtensibilityGlobals) = postSolution
		SolutionGuid = {547195CC-29E4-4889-9F44-694FE4700A00}
	EndGlobalSection
EndGlobal
