
Microsoft Visual Studio Solution File, Format Version 12.00
# Visual Studio Version 16
VisualStudioVersion = 16.0.29123.89
MinimumVisualStudioVersion = 10.0.40219.1
Project("{FAE04EC0-301F-11D3-BF4B-00C04F79EFBC}") = "BlankProject", "BlankProject\BlankProject.csproj", "{3EB1182D-506D-4988-A217-A336594E7B00}"
EndProject
Project("{FAE04EC0-301F-11D3-BF4B-00C04F79EFBC}") = "NavigationViewProject", "NavigationViewProject\NavigationViewProject.csproj", "{34DE77D9-3204-4326-8DF2-81472A117BAD}"
EndProject
Project("{FAE04EC0-301F-11D3-BF4B-00C04F79EFBC}") = "MenuBarProject", "MenuBarProject\MenuBarProject.csproj", "{7CC31667-E08C-46FF-B4A5-94A1BAF27284}"
EndProject
Project("{FAE04EC0-301F-11D3-BF4B-00C04F79EFBC}") = "RibbonProject", "RibbonProject\RibbonProject.csproj", "{CE1D8404-0617-4918-833E-FA7011AAB684}"
EndProject
Project("{FAE04EC0-301F-11D3-BF4B-00C04F79EFBC}") = "CoreProject", "CoreProject\CoreProject.csproj", "{58A5588C-6D96-40A0-840A-91689C1EE9BA}"
EndProject
Global
	GlobalSection(SolutionConfigurationPlatforms) = preSolution
		Debug|Any CPU = Debug|Any CPU
		Release|Any CPU = Release|Any CPU
	EndGlobalSection
	GlobalSection(ProjectConfigurationPlatforms) = postSolution
		{3EB1182D-506D-4988-A217-A336594E7B00}.Debug|Any CPU.ActiveCfg = Debug|Any CPU
		{3EB1182D-506D-4988-A217-A336594E7B00}.Debug|Any CPU.Build.0 = Debug|Any CPU
		{3EB1182D-506D-4988-A217-A336594E7B00}.Release|Any CPU.ActiveCfg = Release|Any CPU
		{3EB1182D-506D-4988-A217-A336594E7B00}.Release|Any CPU.Build.0 = Release|Any CPU
		{34DE77D9-3204-4326-8DF2-81472A117BAD}.Debug|Any CPU.ActiveCfg = Debug|Any CPU
		{34DE77D9-3204-4326-8DF2-81472A117BAD}.Debug|Any CPU.Build.0 = Debug|Any CPU
		{34DE77D9-3204-4326-8DF2-81472A117BAD}.Release|Any CPU.ActiveCfg = Release|Any CPU
		{34DE77D9-3204-4326-8DF2-81472A117BAD}.Release|Any CPU.Build.0 = Release|Any CPU
		{7CC31667-E08C-46FF-B4A5-94A1BAF27284}.Debug|Any CPU.ActiveCfg = Debug|Any CPU
		{7CC31667-E08C-46FF-B4A5-94A1BAF27284}.Debug|Any CPU.Build.0 = Debug|Any CPU
		{7CC31667-E08C-46FF-B4A5-94A1BAF27284}.Release|Any CPU.ActiveCfg = Release|Any CPU
		{7CC31667-E08C-46FF-B4A5-94A1BAF27284}.Release|Any CPU.Build.0 = Release|Any CPU
		{CE1D8404-0617-4918-833E-FA7011AAB684}.Debug|Any CPU.ActiveCfg = Debug|Any CPU
		{CE1D8404-0617-4918-833E-FA7011AAB684}.Debug|Any CPU.Build.0 = Debug|Any CPU
		{CE1D8404-0617-4918-833E-FA7011AAB684}.Release|Any CPU.ActiveCfg = Release|Any CPU
		{CE1D8404-0617-4918-833E-FA7011AAB684}.Release|Any CPU.Build.0 = Release|Any CPU
		{58A5588C-6D96-40A0-840A-91689C1EE9BA}.Debug|Any CPU.ActiveCfg = Debug|Any CPU
		{58A5588C-6D96-40A0-840A-91689C1EE9BA}.Debug|Any CPU.Build.0 = Debug|Any CPU
		{58A5588C-6D96-40A0-840A-91689C1EE9BA}.Release|Any CPU.ActiveCfg = Release|Any CPU
		{58A5588C-6D96-40A0-840A-91689C1EE9BA}.Release|Any CPU.Build.0 = Release|Any CPU
	EndGlobalSection
	GlobalSection(SolutionProperties) = preSolution
		HideSolutionNode = FALSE
	EndGlobalSection
	GlobalSection(ExtensibilityGlobals) = postSolution
		SolutionGuid = {547195CC-29E4-4889-9F44-694FE4700A00}
	EndGlobalSection
EndGlobal
